
Microsoft Visual Studio Solution File, Format Version 12.00
# Visual Studio Version 17
VisualStudioVersion = 17.3.32929.385
MinimumVisualStudioVersion = 10.0.40219.1
Project("{FAE04EC0-301F-11D3-BF4B-00C04F79EFBC}") = "VideotheekApp", "VideotheekApp\VideotheekApp.csproj", "{97F988A2-423A-4CD8-905E-312103E543D4}"
EndProject
Global
	GlobalSection(SolutionConfigurationPlatforms) = preSolution
		Debug|Any CPU = Debug|Any CPU
		Release|Any CPU = Release|Any CPU
	EndGlobalSection
	GlobalSection(ProjectConfigurationPlatforms) = postSolution
		{97F988A2-423A-4CD8-905E-312103E543D4}.Debug|Any CPU.ActiveCfg = Debug|Any CPU
		{97F988A2-423A-4CD8-905E-312103E543D4}.Debug|Any CPU.Build.0 = Debug|Any CPU
		{97F988A2-423A-4CD8-905E-312103E543D4}.Release|Any CPU.ActiveCfg = Release|Any CPU
		{97F988A2-423A-4CD8-905E-312103E543D4}.Release|Any CPU.Build.0 = Release|Any CPU
	EndGlobalSection
	GlobalSection(SolutionProperties) = preSolution
		HideSolutionNode = FALSE
	EndGlobalSection
	GlobalSection(ExtensibilityGlobals) = postSolution
		SolutionGuid = {FB98CC58-C85D-49B9-98BF-1851199CFD9A}
	EndGlobalSection
EndGlobal
